PODS:
  - Alamofire (5.2.2)
  - FBSDKCoreKit (7.1.1):
    - FBSDKCoreKit/Basics (= 7.1.1)
    - FBSDKCoreKit/Core (= 7.1.1)
  - FBSDKCoreKit/Basics (7.1.1)
  - FBSDKCoreKit/Core (7.1.1):
    - FBSDKCoreKit/Basics
  - FBSDKLoginKit (7.1.1):
    - FBSDKLoginKit/Login (= 7.1.1)
  - FBSDKLoginKit/Login (7.1.1):
    - FBSDKCoreKit (~> 7.1.1)
  - SwiftGen (6.3.0)

DEPENDENCIES:
  - Alamofire
  - FBSDKLoginKit
  - SwiftGen

SPEC REPOS:
  trunk:
    - Alamofire
    - FBSDKCoreKit
    - FBSDKLoginKit
    - SwiftGen

SPEC CHECKSUMS:
  Alamofire: 814429acc853c6c54ff123fc3d2ef66803823ce0
  FBSDKCoreKit: b46507dc8b8cefed31d644e74d7cc30e2a715ef8
  FBSDKLoginKit: 1a61d79e2b25e2fc0d03dccab1e34b38bbdf2546
  SwiftGen: 3d5024a47ea79e408cded20763d7a17d18a4548c

PODFILE CHECKSUM: 122f3229d0417fe508dd3b25afa8caed5dd74f56

COCOAPODS: 1.9.3
